
Microsoft Visual Studio Solution File, Format Version 12.00
# Visual Studio Version 17
VisualStudioVersion = 17.4.33213.308
MinimumVisualStudioVersion = 10.0.40219.1
Project("{9A19103F-16F7-4668-BE54-9A1E7A4F7556}") = "ProjectSkeleton", "ProjectSkeleton\ProjectSkeleton.csproj", "{B1F6A0CC-97C3-49A0-9CA1-8DA01D5B1AA3}"
EndProject
Project("{E53339B2-1760-4266-BCC7-CA923CBCF16C}") = "docker-compose", "docker-compose.dcproj", "{C326C832-9939-4992-B309-3BEFD56CC57F}"
EndProject
Project("{9A19103F-16F7-4668-BE54-9A1E7A4F7556}") = "Application", "Application\Application.csproj", "{7C210C35-FAB2-4EE1-A6DE-183986D31415}"
EndProject
Project("{9A19103F-16F7-4668-BE54-9A1E7A4F7556}") = "Domain", "Domain\Domain.csproj", "{8AE82AEF-9558-45D9-990E-D6B17D5E0444}"
EndProject
Project("{9A19103F-16F7-4668-BE54-9A1E7A4F7556}") = "Presentation", "Presentation\Presentation.csproj", "{9CB04762-069C-4EC6-888F-223DD2D03E04}"
EndProject
Project("{9A19103F-16F7-4668-BE54-9A1E7A4F7556}") = "Infrastructure", "Infrastructure\Infrastructure.csproj", "{F189BE5A-8DE3-4335-BF80-DCB7741DA585}"
EndProject
Global
	GlobalSection(SolutionConfigurationPlatforms) = preSolution
		Debug|Any CPU = Debug|Any CPU
		Release|Any CPU = Release|Any CPU
	EndGlobalSection
	GlobalSection(ProjectConfigurationPlatforms) = postSolution
		{B1F6A0CC-97C3-49A0-9CA1-8DA01D5B1AA3}.Debug|Any CPU.ActiveCfg = Debug|Any CPU
		{B1F6A0CC-97C3-49A0-9CA1-8DA01D5B1AA3}.Debug|Any CPU.Build.0 = Debug|Any CPU
		{B1F6A0CC-97C3-49A0-9CA1-8DA01D5B1AA3}.Release|Any CPU.ActiveCfg = Release|Any CPU
		{B1F6A0CC-97C3-49A0-9CA1-8DA01D5B1AA3}.Release|Any CPU.Build.0 = Release|Any CPU
		{C326C832-9939-4992-B309-3BEFD56CC57F}.Debug|Any CPU.ActiveCfg = Debug|Any CPU
		{C326C832-9939-4992-B309-3BEFD56CC57F}.Debug|Any CPU.Build.0 = Debug|Any CPU
		{C326C832-9939-4992-B309-3BEFD56CC57F}.Release|Any CPU.ActiveCfg = Release|Any CPU
		{C326C832-9939-4992-B309-3BEFD56CC57F}.Release|Any CPU.Build.0 = Release|Any CPU
		{7C210C35-FAB2-4EE1-A6DE-183986D31415}.Debug|Any CPU.ActiveCfg = Debug|Any CPU
		{7C210C35-FAB2-4EE1-A6DE-183986D31415}.Debug|Any CPU.Build.0 = Debug|Any CPU
		{7C210C35-FAB2-4EE1-A6DE-183986D31415}.Release|Any CPU.ActiveCfg = Release|Any CPU
		{7C210C35-FAB2-4EE1-A6DE-183986D31415}.Release|Any CPU.Build.0 = Release|Any CPU
		{8AE82AEF-9558-45D9-990E-D6B17D5E0444}.Debug|Any CPU.ActiveCfg = Debug|Any CPU
		{8AE82AEF-9558-45D9-990E-D6B17D5E0444}.Debug|Any CPU.Build.0 = Debug|Any CPU
		{8AE82AEF-9558-45D9-990E-D6B17D5E0444}.Release|Any CPU.ActiveCfg = Release|Any CPU
		{8AE82AEF-9558-45D9-990E-D6B17D5E0444}.Release|Any CPU.Build.0 = Release|Any CPU
		{9CB04762-069C-4EC6-888F-223DD2D03E04}.Debug|Any CPU.ActiveCfg = Debug|Any CPU
		{9CB04762-069C-4EC6-888F-223DD2D03E04}.Debug|Any CPU.Build.0 = Debug|Any CPU
		{9CB04762-069C-4EC6-888F-223DD2D03E04}.Release|Any CPU.ActiveCfg = Release|Any CPU
		{9CB04762-069C-4EC6-888F-223DD2D03E04}.Release|Any CPU.Build.0 = Release|Any CPU
		{F189BE5A-8DE3-4335-BF80-DCB7741DA585}.Debug|Any CPU.ActiveCfg = Debug|Any CPU
		{F189BE5A-8DE3-4335-BF80-DCB7741DA585}.Debug|Any CPU.Build.0 = Debug|Any CPU
		{F189BE5A-8DE3-4335-BF80-DCB7741DA585}.Release|Any CPU.ActiveCfg = Release|Any CPU
		{F189BE5A-8DE3-4335-BF80-DCB7741DA585}.Release|Any CPU.Build.0 = Release|Any CPU
	EndGlobalSection
	GlobalSection(SolutionProperties) = preSolution
		HideSolutionNode = FALSE
	EndGlobalSection
	GlobalSection(ExtensibilityGlobals) = postSolution
		SolutionGuid = {F7757341-C195-43AB-A5A9-2570BB4CD8ED}
	EndGlobalSection
EndGlobal
